// !$*UTF8*$!
{
	archiveVersion = 1;
	classes = {
	};
	objectVersion = 50;
	objects = {

/* Begin PBXAggregateTarget section */
		44A9849D259CD0D90084FE46 /* Periphery */ = {
			isa = PBXAggregateTarget;
			buildConfigurationList = 44A984A0259CD0D90084FE46 /* Build configuration list for PBXAggregateTarget "Periphery" */;
			buildPhases = (
				44A984A3259CD0F10084FE46 /* ShellScript */,
			);
			dependencies = (
			);
			name = Periphery;
			productName = Periphery;
		};
/* End PBXAggregateTarget section */

/* Begin PBXBuildFile section */
		44134BE02586A92F00BB2407 /* AppDelegate.swift in Sources */ = {isa = PBXBuildFile; fileRef = 44134BDF2586A92F00BB2407 /* AppDelegate.swift */; };
		44134BE22586A92F00BB2407 /* SceneDelegate.swift in Sources */ = {isa = PBXBuildFile; fileRef = 44134BE12586A92F00BB2407 /* SceneDelegate.swift */; };
		44134BE42586A92F00BB2407 /* ViewController.swift in Sources */ = {isa = PBXBuildFile; fileRef = 44134BE32586A92F00BB2407 /* ViewController.swift */; };
		44134BE72586A92F00BB2407 /* Main.storyboard in Resources */ = {isa = PBXBuildFile; fileRef = 44134BE52586A92F00BB2407 /* Main.storyboard */; };
		44134BE92586A93100BB2407 /* Assets.xcassets in Resources */ = {isa = PBXBuildFile; fileRef = 44134BE82586A93100BB2407 /* Assets.xcassets */; };
		44134BEC2586A93100BB2407 /* LaunchScreen.storyboard in Resources */ = {isa = PBXBuildFile; fileRef = 44134BEA2586A93100BB2407 /* LaunchScreen.storyboard */; };
		44134BF72586AACD00BB2407 /* Unused.swift in Sources */ = {isa = PBXBuildFile; fileRef = 44134BF62586AACD00BB2407 /* Unused.swift */; };
/* End PBXBuildFile section */

/* Begin PBXFileReference section */
		44134BDC2586A92F00BB2407 /* PeripheryExample.app */ = {isa = PBXFileReference; explicitFileType = wrapper.application; includeInIndex = 0; path = PeripheryExample.app; sourceTree = BUILT_PRODUCTS_DIR; };
		44134BDF2586A92F00BB2407 /* AppDelegate.swift */ = {isa = PBXFileReference; lastKnownFileType = sourcecode.swift; path = AppDelegate.swift; sourceTree = "<group>"; };
		44134BE12586A92F00BB2407 /* SceneDelegate.swift */ = {isa = PBXFileReference; lastKnownFileType = sourcecode.swift; path = SceneDelegate.swift; sourceTree = "<group>"; };
		44134BE32586A92F00BB2407 /* ViewController.swift */ = {isa = PBXFileReference; lastKnownFileType = sourcecode.swift; path = ViewController.swift; sourceTree = "<group>"; };
		44134BE62586A92F00BB2407 /* Base */ = {isa = PBXFileReference; lastKnownFileType = file.storyboard; name = Base; path = Base.lproj/Main.storyboard; sourceTree = "<group>"; };
		44134BE82586A93100BB2407 /* Assets.xcassets */ = {isa = PBXFileReference; lastKnownFileType = folder.assetcatalog; path = Assets.xcassets; sourceTree = "<group>"; };
		44134BEB2586A93100BB2407 /* Base */ = {isa = PBXFileReference; lastKnownFileType = file.storyboard; name = Base; path = Base.lproj/LaunchScreen.storyboard; sourceTree = "<group>"; };
		44134BED2586A93100BB2407 /* Info.plist */ = {isa = PBXFileReference; lastKnownFileType = text.plist.xml; path = Info.plist; sourceTree = "<group>"; };
		44134BF62586AACD00BB2407 /* Unused.swift */ = {isa = PBXFileReference; lastKnownFileType = sourcecode.swift; path = Unused.swift; sourceTree = "<group>"; };
/* End PBXFileReference section */

/* Begin PBXFrameworksBuildPhase section */
		44134BD92586A92F00BB2407 /* Frameworks */ = {
			isa = PBXFrameworksBuildPhase;
			buildActionMask = 2147483647;
			files = (
			);
			runOnlyForDeploymentPostprocessing = 0;
		};
/* End PBXFrameworksBuildPhase section */

/* Begin PBXGroup section */
		44134BD32586A92F00BB2407 = {
			isa = PBXGroup;
			children = (
				44134BDE2586A92F00BB2407 /* PeripheryExample */,
				44134BDD2586A92F00BB2407 /* Products */,
			);
			sourceTree = "<group>";
		};
		44134BDD2586A92F00BB2407 /* Products */ = {
			isa = PBXGroup;
			children = (
				44134BDC2586A92F00BB2407 /* PeripheryExample.app */,
			);
			name = Products;
			sourceTree = "<group>";
		};
		44134BDE2586A92F00BB2407 /* PeripheryExample */ = {
			isa = PBXGroup;
			children = (
				44134BDF2586A92F00BB2407 /* AppDelegate.swift */,
				44134BE12586A92F00BB2407 /* SceneDelegate.swift */,
				44134BE32586A92F00BB2407 /* ViewController.swift */,
				44134BF62586AACD00BB2407 /* Unused.swift */,
				44134BE52586A92F00BB2407 /* Main.storyboard */,
				44134BE82586A93100BB2407 /* Assets.xcassets */,
				44134BEA2586A93100BB2407 /* LaunchScreen.storyboard */,
				44134BED2586A93100BB2407 /* Info.plist */,
			);
			path = PeripheryExample;
			sourceTree = "<group>";
		};
/* End PBXGroup section */

/* Begin PBXNativeTarget section */
		44134BDB2586A92F00BB2407 /* PeripheryExample */ = {
			isa = PBXNativeTarget;
			buildConfigurationList = 44134BF02586A93100BB2407 /* Build configuration list for PBXNativeTarget "PeripheryExample" */;
			buildPhases = (
				44134BD82586A92F00BB2407 /* Sources */,
				44134BD92586A92F00BB2407 /* Frameworks */,
				44134BDA2586A92F00BB2407 /* Resources */,
			);
			buildRules = (
			);
			dependencies = (
			);
			name = PeripheryExample;
			productName = PeripheryExample;
			productReference = 44134BDC2586A92F00BB2407 /* PeripheryExample.app */;
			productType = "com.apple.product-type.application";
		};
/* End PBXNativeTarget section */

/* Begin PBXProject section */
		44134BD42586A92F00BB2407 /* Project object */ = {
			isa = PBXProject;
			attributes = {
				LastSwiftUpdateCheck = 1220;
				LastUpgradeCheck = 1220;
				TargetAttributes = {
					44134BDB2586A92F00BB2407 = {
						CreatedOnToolsVersion = 12.2;
					};
					44A9849D259CD0D90084FE46 = {
						CreatedOnToolsVersion = 12.3;
					};
				};
			};
			buildConfigurationList = 44134BD72586A92F00BB2407 /* Build configuration list for PBXProject "PeripheryExample" */;
			compatibilityVersion = "Xcode 9.3";
			developmentRegion = en;
			hasScannedForEncodings = 0;
			knownRegions = (
				en,
				Base,
			);
			mainGroup = 44134BD32586A92F00BB2407;
			productRefGroup = 44134BDD2586A92F00BB2407 /* Products */;
			projectDirPath = "";
			projectRoot = "";
			targets = (
				44134BDB2586A92F00BB2407 /* PeripheryExample */,
				44A9849D259CD0D90084FE46 /* Periphery */,
			);
		};
/* End PBXProject section */

/* Begin PBXResourcesBuildPhase section */
		44134BDA2586A92F00BB2407 /* Resources */ = {
			isa = PBXResourcesBuildPhase;
			buildActionMask = 2147483647;
			files = (
				44134BEC2586A93100BB2407 /* LaunchScreen.storyboard in Resources */,
				44134BE92586A93100BB2407 /* Assets.xcassets in Resources */,
				44134BE72586A92F00BB2407 /* Main.storyboard in Resources */,
			);
			runOnlyForDeploymentPostprocessing = 0;
		};
/* End PBXResourcesBuildPhase section */

/* Begin PBXShellScriptBuildPhase section */
		44A984A3259CD0F10084FE46 /* ShellScript */ = {
			isa = PBXShellScriptBuildPhase;
			buildActionMask = 2147483647;
			files = (
			);
			inputFileListPaths = (
			);
			inputPaths = (
			);
			outputFileListPaths = (
			);
			outputPaths = (
			);
			runOnlyForDeploymentPostprocessing = 0;
			shellPath = /bin/sh;
			shellScript = "periphery scan --project PeripheryExample.xcodeproj --schemes PeripheryExample --targets PeripheryExample --format xcode\n";
		};
/* End PBXShellScriptBuildPhase section */

/* Begin PBXSourcesBuildPhase section */
		44134BD82586A92F00BB2407 /* Sources */ = {
			isa = PBXSourcesBuildPhase;
			buildActionMask = 2147483647;
			files = (
				44134BE42586A92F00BB2407 /* ViewController.swift in Sources */,
				44134BE02586A92F00BB2407 /* AppDelegate.swift in Sources */,
				44134BE22586A92F00BB2407 /* SceneDelegate.swift in Sources */,
				44134BF72586AACD00BB2407 /* Unused.swift in Sources */,
			);
			runOnlyForDeploymentPostprocessing = 0;
		};
/* End PBXSourcesBuildPhase section */

/* Begin PBXVariantGroup section */
		44134BE52586A92F00BB2407 /* Main.storyboard */ = {
			isa = PBXVariantGroup;
			children = (
				44134BE62586A92F00BB2407 /* Base */,
			);
			name = Main.storyboard;
			sourceTree = "<group>";
		};
		44134BEA2586A93100BB2407 /* LaunchScreen.storyboard */ = {
			isa = PBXVariantGroup;
			children = (
				44134BEB2586A93100BB2407 /* Base */,
			);
			name = LaunchScreen.storyboard;
			sourceTree = "<group>";
		};
/* End PBXVariantGroup section */

/* Begin XCBuildConfiguration section */
		44134BEE2586A93100BB2407 /* Debug */ = {
			isa = XCBuildConfiguration;
			buildSettings = {
				ALWAYS_SEARCH_USER_PATHS = NO;
				CLANG_ANALYZER_NONNULL = YES;
				CLANG_ANALYZER_NUMBER_OBJECT_CONVERSION = YES_AGGRESSIVE;
				CLANG_CXX_LANGUAGE_STANDARD = "gnu++14";
				CLANG_CXX_LIBRARY = "libc++";
				CLANG_ENABLE_MODULES = YES;
				CLANG_ENABLE_OBJC_ARC = YES;
				CLANG_ENABLE_OBJC_WEAK = YES;
				CLANG_WARN_BLOCK_CAPTURE_AUTORELEASING = YES;
				CLANG_WARN_BOOL_CONVERSION = YES;
				CLANG_WARN_COMMA = YES;
				CLANG_WARN_CONSTANT_CONVERSION = YES;
				CLANG_WARN_DEPRECATED_OBJC_IMPLEMENTATIONS = YES;
				CLANG_WARN_DIRECT_OBJC_ISA_USAGE = YES_ERROR;
				CLANG_WARN_DOCUMENTATION_COMMENTS = YES;
				CLANG_WARN_EMPTY_BODY = YES;
				CLANG_WARN_ENUM_CONVERSION = YES;
				CLANG_WARN_INFINITE_RECURSION = YES;
				CLANG_WARN_INT_CONVERSION = YES;
				CLANG_WARN_NON_LITERAL_NULL_CONVERSION = YES;
				CLANG_WARN_OBJC_IMPLICIT_RETAIN_SELF = YES;
				CLANG_WARN_OBJC_LITERAL_CONVERSION = YES;
				CLANG_WARN_OBJC_ROOT_CLASS = YES_ERROR;
				CLANG_WARN_QUOTED_INCLUDE_IN_FRAMEWORK_HEADER = YES;
				CLANG_WARN_RANGE_LOOP_ANALYSIS = YES;
				CLANG_WARN_STRICT_PROTOTYPES = YES;
				CLANG_WARN_SUSPICIOUS_MOVE = YES;
				CLANG_WARN_UNGUARDED_AVAILABILITY = YES_AGGRESSIVE;
				CLANG_WARN_UNREACHABLE_CODE = YES;
				CLANG_WARN__DUPLICATE_METHOD_MATCH = YES;
				COPY_PHASE_STRIP = NO;
				DEBUG_INFORMATION_FORMAT = dwarf;
				ENABLE_STRICT_OBJC_MSGSEND = YES;
				ENABLE_TESTABILITY = YES;
				GCC_C_LANGUAGE_STANDARD = gnu11;
				GCC_DYNAMIC_NO_PIC = NO;
				GCC_NO_COMMON_BLOCKS = YES;
				GCC_OPTIMIZATION_LEVEL = 0;
				GCC_PREPROCESSOR_DEFINITIONS = (
					"DEBUG=1",
					"$(inherited)",
				);
				GCC_WARN_64_TO_32_BIT_CONVERSION = YES;
				GCC_WARN_ABOUT_RETURN_TYPE = YES_ERROR;
				GCC_WARN_UNDECLARED_SELECTOR = YES;
				GCC_WARN_UNINITIALIZED_AUTOS = YES_AGGRESSIVE;
				GCC_WARN_UNUSED_FUNCTION = YES;
				GCC_WARN_UNUSED_VARIABLE = YES;
				IPHONEOS_DEPLOYMENT_TARGET = 14.2;
				MTL_ENABLE_DEBUG_INFO = INCLUDE_SOURCE;
				MTL_FAST_MATH = YES;
				ONLY_ACTIVE_ARCH = YES;
				SDKROOT = iphoneos;
				SWIFT_ACTIVE_COMPILATION_CONDITIONS = DEBUG;
				SWIFT_OPTIMIZATION_LEVEL = "-Onone";
			};
			name = Debug;
		};
		44134BEF2586A93100BB2407 /* Release */ = {
			isa = XCBuildConfiguration;
			buildSettings = {
				ALWAYS_SEARCH_USER_PATHS = NO;
				CLANG_ANALYZER_NONNULL = YES;
				CLANG_ANALYZER_NUMBER_OBJECT_CONVERSION = YES_AGGRESSIVE;
				CLANG_CXX_LANGUAGE_STANDARD = "gnu++14";
				CLANG_CXX_LIBRARY = "libc++";
				CLANG_ENABLE_MODULES = YES;
				CLANG_ENABLE_OBJC_ARC = YES;
				CLANG_ENABLE_OBJC_WEAK = YES;
				CLANG_WARN_BLOCK_CAPTURE_AUTORELEASING = YES;
				CLANG_WARN_BOOL_CONVERSION = YES;
				CLANG_WARN_COMMA = YES;
				CLANG_WARN_CONSTANT_CONVERSION = YES;
				CLANG_WARN_DEPRECATED_OBJC_IMPLEMENTATIONS = YES;
				CLANG_WARN_DIRECT_OBJC_ISA_USAGE = YES_ERROR;
				CLANG_WARN_DOCUMENTATION_COMMENTS = YES;
				CLANG_WARN_EMPTY_BODY = YES;
				CLANG_WARN_ENUM_CONVERSION = YES;
				CLANG_WARN_INFINITE_RECURSION = YES;
				CLANG_WARN_INT_CONVERSION = YES;
				CLANG_WARN_NON_LITERAL_NULL_CONVERSION = YES;
				CLANG_WARN_OBJC_IMPLICIT_RETAIN_SELF = YES;
				CLANG_WARN_OBJC_LITERAL_CONVERSION = YES;
				CLANG_WARN_OBJC_ROOT_CLASS = YES_ERROR;
				CLANG_WARN_QUOTED_INCLUDE_IN_FRAMEWORK_HEADER = YES;
				CLANG_WARN_RANGE_LOOP_ANALYSIS = YES;
				CLANG_WARN_STRICT_PROTOTYPES = YES;
				CLANG_WARN_SUSPICIOUS_MOVE = YES;
				CLANG_WARN_UNGUARDED_AVAILABILITY = YES_AGGRESSIVE;
				CLANG_WARN_UNREACHABLE_CODE = YES;
				CLANG_WARN__DUPLICATE_METHOD_MATCH = YES;
				COPY_PHASE_STRIP = NO;
				DEBUG_INFORMATION_FORMAT = "dwarf-with-dsym";
				ENABLE_NS_ASSERTIONS = NO;
				ENABLE_STRICT_OBJC_MSGSEND = YES;
				GCC_C_LANGUAGE_STANDARD = gnu11;
				GCC_NO_COMMON_BLOCKS = YES;
				GCC_WARN_64_TO_32_BIT_CONVERSION = YES;
				GCC_WARN_ABOUT_RETURN_TYPE = YES_ERROR;
				GCC_WARN_UNDECLARED_SELECTOR = YES;
				GCC_WARN_UNINITIALIZED_AUTOS = YES_AGGRESSIVE;
				GCC_WARN_UNUSED_FUNCTION = YES;
				GCC_WARN_UNUSED_VARIABLE = YES;
				IPHONEOS_DEPLOYMENT_TARGET = 14.2;
				MTL_ENABLE_DEBUG_INFO = NO;
				MTL_FAST_MATH = YES;
				SDKROOT = iphoneos;
				SWIFT_COMPILATION_MODE = wholemodule;
				SWIFT_OPTIMIZATION_LEVEL = "-O";
				VALIDATE_PRODUCT = YES;
			};
			name = Release;
		};
		44134BF12586A93100BB2407 /* Debug */ = {
			isa = XCBuildConfiguration;
			buildSettings = {
				ASSETCATALOG_COMPILER_APPICON_NAME = AppIcon;
				ASSETCATALOG_COMPILER_GLOBAL_ACCENT_COLOR_NAME = AccentColor;
				CODE_SIGN_STYLE = Automatic;
				DEVELOPMENT_TEAM = 9S86JFR6CP;
				INFOPLIST_FILE = PeripheryExample/Info.plist;
				LD_RUNPATH_SEARCH_PATHS = (
					"$(inherited)",
					"@executable_path/Frameworks",
				);
				PRODUCT_BUNDLE_IDENTIFIER = com.alb.PeripheryExample;
				PRODUCT_NAME = "$(TARGET_NAME)";
				SWIFT_VERSION = 5.0;
				TARGETED_DEVICE_FAMILY = "1,2";
			};
			name = Debug;
		};
		44134BF22586A93100BB2407 /* Release */ = {
			isa = XCBuildConfiguration;
			buildSettings = {
				ASSETCATALOG_COMPILER_APPICON_NAME = AppIcon;
				ASSETCATALOG_COMPILER_GLOBAL_ACCENT_COLOR_NAME = AccentColor;
				CODE_SIGN_STYLE = Automatic;
				DEVELOPMENT_TEAM = 9S86JFR6CP;
				INFOPLIST_FILE = PeripheryExample/Info.plist;
				LD_RUNPATH_SEARCH_PATHS = (
					"$(inherited)",
					"@executable_path/Frameworks",
				);
				PRODUCT_BUNDLE_IDENTIFIER = com.alb.PeripheryExample;
				PRODUCT_NAME = "$(TARGET_NAME)";
				SWIFT_VERSION = 5.0;
				TARGETED_DEVICE_FAMILY = "1,2";
			};
			name = Release;
		};
		44A9849E259CD0D90084FE46 /* Debug */ = {
			isa = XCBuildConfiguration;
			buildSettings = {
				CODE_SIGN_STYLE = Automatic;
				DEVELOPMENT_TEAM = 9S86JFR6CP;
				PRODUCT_NAME = "$(TARGET_NAME)";
			};
			name = Debug;
		};
		44A9849F259CD0D90084FE46 /* Release */ = {
			isa = XCBuildConfiguration;
			buildSettings = {
				CODE_SIGN_STYLE = Automatic;
				DEVELOPMENT_TEAM = 9S86JFR6CP;
				PRODUCT_NAME = "$(TARGET_NAME)";
			};
			name = Release;
		};
/* End XCBuildConfiguration section */

/* Begin XCConfigurationList section */
		44134BD72586A92F00BB2407 /* Build configuration list for PBXProject "PeripheryExample" */ = {
			isa = XCConfigurationList;
			buildConfigurations = (
				44134BEE2586A93100BB2407 /* Debug */,
				44134BEF2586A93100BB2407 /* Release */,
			);
			defaultConfigurationIsVisible = 0;
			defaultConfigurationName = Release;
		};
		44134BF02586A93100BB2407 /* Build configuration list for PBXNativeTarget "PeripheryExample" */ = {
			isa = XCConfigurationList;
			buildConfigurations = (
				44134BF12586A93100BB2407 /* Debug */,
				44134BF22586A93100BB2407 /* Release */,
			);
			defaultConfigurationIsVisible = 0;
			defaultConfigurationName = Release;
		};
		44A984A0259CD0D90084FE46 /* Build configuration list for PBXAggregateTarget "Periphery" */ = {
			isa = XCConfigurationList;
			buildConfigurations = (
				44A9849E259CD0D90084FE46 /* Debug */,
				44A9849F259CD0D90084FE46 /* Release */,
			);
			defaultConfigurationIsVisible = 0;
			defaultConfigurationName = Release;
		};
/* End XCConfigurationList section */
	};
	rootObject = 44134BD42586A92F00BB2407 /* Project object */;
}
